
Microsoft Visual Studio Solution File, Format Version 12.00
# Visual Studio Version 17
VisualStudioVersion = 17.4.33103.184
MinimumVisualStudioVersion = 10.0.40219.1
Project("{FAE04EC0-301F-11D3-BF4B-00C04F79EFBC}") = "Конвертер систем счисления", "Конвертер систем счисления\Конвертер систем счисления.csproj", "{AE4AA0E7-B83D-400F-A2EF-9A025609417F}"
EndProject
Project("{FAE04EC0-301F-11D3-BF4B-00C04F79EFBC}") = "Генератор рандомный чисел в двоичной системе счисления", "Генератор рандомный чисел в двоичной системе счисления\Генератор рандомный чисел в двоичной системе счисления.csproj", "{165A05FC-A611-4C44-AAD2-475B6FD1FFF1}"
EndProject
Global
	GlobalSection(SolutionConfigurationPlatforms) = preSolution
		Debug|Any CPU = Debug|Any CPU
		Release|Any CPU = Release|Any CPU
	EndGlobalSection
	GlobalSection(ProjectConfigurationPlatforms) = postSolution
		{AE4AA0E7-B83D-400F-A2EF-9A025609417F}.Debug|Any CPU.ActiveCfg = Debug|Any CPU
		{AE4AA0E7-B83D-400F-A2EF-9A025609417F}.Debug|Any CPU.Build.0 = Debug|Any CPU
		{AE4AA0E7-B83D-400F-A2EF-9A025609417F}.Release|Any CPU.ActiveCfg = Release|Any CPU
		{AE4AA0E7-B83D-400F-A2EF-9A025609417F}.Release|Any CPU.Build.0 = Release|Any CPU
		{165A05FC-A611-4C44-AAD2-475B6FD1FFF1}.Debug|Any CPU.ActiveCfg = Debug|Any CPU
		{165A05FC-A611-4C44-AAD2-475B6FD1FFF1}.Debug|Any CPU.Build.0 = Debug|Any CPU
		{165A05FC-A611-4C44-AAD2-475B6FD1FFF1}.Release|Any CPU.ActiveCfg = Release|Any CPU
		{165A05FC-A611-4C44-AAD2-475B6FD1FFF1}.Release|Any CPU.Build.0 = Release|Any CPU
	EndGlobalSection
	GlobalSection(SolutionProperties) = preSolution
		HideSolutionNode = FALSE
	EndGlobalSection
	GlobalSection(ExtensibilityGlobals) = postSolution
		SolutionGuid = {19B5F357-EEF1-4D02-9316-80CE11F67302}
	EndGlobalSection
EndGlobal
